// !$*UTF8*$!
{
	archiveVersion = 1;
	classes = {
	};
	objectVersion = 46;
	objects = {

/* Begin PBXBuildFile section */
		6593CE211C7CCA5800D8304C /* MapsAnnotation.swift in Sources */ = {isa = PBXBuildFile; fileRef = 6593CE201C7CCA5800D8304C /* MapsAnnotation.swift */; };
		65E8D3281C7CC0400062BC32 /* AppDelegate.swift in Sources */ = {isa = PBXBuildFile; fileRef = 65E8D3271C7CC0400062BC32 /* AppDelegate.swift */; };
		65E8D32A1C7CC0400062BC32 /* FirstViewController.swift in Sources */ = {isa = PBXBuildFile; fileRef = 65E8D3291C7CC0400062BC32 /* FirstViewController.swift */; };
		65E8D32C1C7CC0400062BC32 /* LocationVC.swift in Sources */ = {isa = PBXBuildFile; fileRef = 65E8D32B1C7CC0400062BC32 /* LocationVC.swift */; };
		65E8D32F1C7CC0400062BC32 /* Main.storyboard in Resources */ = {isa = PBXBuildFile; fileRef = 65E8D32D1C7CC0400062BC32 /* Main.storyboard */; };
		65E8D3311C7CC0400062BC32 /* Assets.xcassets in Resources */ = {isa = PBXBuildFile; fileRef = 65E8D3301C7CC0400062BC32 /* Assets.xcassets */; };
		65E8D3341C7CC0400062BC32 /* LaunchScreen.storyboard in Resources */ = {isa = PBXBuildFile; fileRef = 65E8D3321C7CC0400062BC32 /* LaunchScreen.storyboard */; };
/* End PBXBuildFile section */

/* Begin PBXFileReference section */
		6593CE201C7CCA5800D8304C /* MapsAnnotation.swift */ = {isa = PBXFileReference; fileEncoding = 4; lastKnownFileType = sourcecode.swift; path = MapsAnnotation.swift; sourceTree = "<group>"; };
		65E8D3241C7CC0400062BC32 /* MapsLocation.app */ = {isa = PBXFileReference; explicitFileType = wrapper.application; includeInIndex = 0; path = MapsLocation.app; sourceTree = BUILT_PRODUCTS_DIR; };
		65E8D3271C7CC0400062BC32 /* AppDelegate.swift */ = {isa = PBXFileReference; lastKnownFileType = sourcecode.swift; path = AppDelegate.swift; sourceTree = "<group>"; };
		65E8D3291C7CC0400062BC32 /* FirstViewController.swift */ = {isa = PBXFileReference; lastKnownFileType = sourcecode.swift; path = FirstViewController.swift; sourceTree = "<group>"; };
		65E8D32B1C7CC0400062BC32 /* LocationVC.swift */ = {isa = PBXFileReference; lastKnownFileType = sourcecode.swift; path = LocationVC.swift; sourceTree = "<group>"; };
		65E8D32E1C7CC0400062BC32 /* Base */ = {isa = PBXFileReference; lastKnownFileType = file.storyboard; name = Base; path = Base.lproj/Main.storyboard; sourceTree = "<group>"; };
		65E8D3301C7CC0400062BC32 /* Assets.xcassets */ = {isa = PBXFileReference; lastKnownFileType = folder.assetcatalog; path = Assets.xcassets; sourceTree = "<group>"; };
		65E8D3331C7CC0400062BC32 /* Base */ = {isa = PBXFileReference; lastKnownFileType = file.storyboard; name = Base; path = Base.lproj/LaunchScreen.storyboard; sourceTree = "<group>"; };
		65E8D3351C7CC0400062BC32 /* Info.plist */ = {isa = PBXFileReference; lastKnownFileType = text.plist.xml; path = Info.plist; sourceTree = "<group>"; };
/* End PBXFileReference section */

/* Begin PBXFrameworksBuildPhase section */
		65E8D3211C7CC0400062BC32 /* Frameworks */ = {
			isa = PBXFrameworksBuildPhase;
			buildActionMask = 2147483647;
			files = (
			);
			runOnlyForDeploymentPostprocessing = 0;
		};
/* End PBXFrameworksBuildPhase section */

/* Begin PBXGroup section */
		65E8D31B1C7CC0400062BC32 = {
			isa = PBXGroup;
			children = (
				65E8D3261C7CC0400062BC32 /* MapsLocation */,
				65E8D3251C7CC0400062BC32 /* Products */,
			);
			sourceTree = "<group>";
		};
		65E8D3251C7CC0400062BC32 /* Products */ = {
			isa = PBXGroup;
			children = (
				65E8D3241C7CC0400062BC32 /* MapsLocation.app */,
			);
			name = Products;
			sourceTree = "<group>";
		};
		65E8D3261C7CC0400062BC32 /* MapsLocation */ = {
			isa = PBXGroup;
			children = (
				65E8D3271C7CC0400062BC32 /* AppDelegate.swift */,
				65E8D3291C7CC0400062BC32 /* FirstViewController.swift */,
				65E8D32B1C7CC0400062BC32 /* LocationVC.swift */,
				65E8D32D1C7CC0400062BC32 /* Main.storyboard */,
				65E8D3301C7CC0400062BC32 /* Assets.xcassets */,
				65E8D3321C7CC0400062BC32 /* LaunchScreen.storyboard */,
				65E8D3351C7CC0400062BC32 /* Info.plist */,
				6593CE201C7CCA5800D8304C /* MapsAnnotation.swift */,
			);
			path = MapsLocation;
			sourceTree = "<group>";
		};
/* End PBXGroup section */

/* Begin PBXNativeTarget section */
		65E8D3231C7CC0400062BC32 /* MapsLocation */ = {
			isa = PBXNativeTarget;
			buildConfigurationList = 65E8D3381C7CC0400062BC32 /* Build configuration list for PBXNativeTarget "MapsLocation" */;
			buildPhases = (
				65E8D3201C7CC0400062BC32 /* Sources */,
				65E8D3211C7CC0400062BC32 /* Frameworks */,
				65E8D3221C7CC0400062BC32 /* Resources */,
			);
			buildRules = (
			);
			dependencies = (
			);
			name = MapsLocation;
			productName = MapsLocation;
			productReference = 65E8D3241C7CC0400062BC32 /* MapsLocation.app */;
			productType = "com.apple.product-type.application";
		};
/* End PBXNativeTarget section */

/* Begin PBXProject section */
		65E8D31C1C7CC0400062BC32 /* Project object */ = {
			isa = PBXProject;
			attributes = {
				LastSwiftUpdateCheck = 0720;
				LastUpgradeCheck = 0720;
				ORGANIZATIONNAME = "Daniel Warner";
				TargetAttributes = {
					65E8D3231C7CC0400062BC32 = {
						CreatedOnToolsVersion = 7.2.1;
					};
				};
			};
			buildConfigurationList = 65E8D31F1C7CC0400062BC32 /* Build configuration list for PBXProject "MapsLocation" */;
			compatibilityVersion = "Xcode 3.2";
			developmentRegion = English;
			hasScannedForEncodings = 0;
			knownRegions = (
				en,
				Base,
			);
			mainGroup = 65E8D31B1C7CC0400062BC32;
			productRefGroup = 65E8D3251C7CC0400062BC32 /* Products */;
			projectDirPath = "";
			projectRoot = "";
			targets = (
				65E8D3231C7CC0400062BC32 /* MapsLocation */,
			);
		};
/* End PBXProject section */

/* Begin PBXResourcesBuildPhase section */
		65E8D3221C7CC0400062BC32 /* Resources */ = {
			isa = PBXResourcesBuildPhase;
			buildActionMask = 2147483647;
			files = (
				65E8D3341C7CC0400062BC32 /* LaunchScreen.storyboard in Resources */,
				65E8D3311C7CC0400062BC32 /* Assets.xcassets in Resources */,
				65E8D32F1C7CC0400062BC32 /* Main.storyboard in Resources */,
			);
			runOnlyForDeploymentPostprocessing = 0;
		};
/* End PBXResourcesBuildPhase section */

/* Begin PBXSourcesBuildPhase section */
		65E8D3201C7CC0400062BC32 /* Sources */ = {
			isa = PBXSourcesBuildPhase;
			buildActionMask = 2147483647;
			files = (
				65E8D32C1C7CC0400062BC32 /* LocationVC.swift in Sources */,
				65E8D3281C7CC0400062BC32 /* AppDelegate.swift in Sources */,
				65E8D32A1C7CC0400062BC32 /* FirstViewController.swift in Sources */,
				6593CE211C7CCA5800D8304C /* MapsAnnotation.swift in Sources */,
			);
			runOnlyForDeploymentPostprocessing = 0;
		};
/* End PBXSourcesBuildPhase section */

/* Begin PBXVariantGroup section */
		65E8D32D1C7CC0400062BC32 /* Main.storyboard */ = {
			isa = PBXVariantGroup;
			children = (
				65E8D32E1C7CC0400062BC32 /* Base */,
			);
			name = Main.storyboard;
			sourceTree = "<group>";
		};
		65E8D3321C7CC0400062BC32 /* LaunchScreen.storyboard */ = {
			isa = PBXVariantGroup;
			children = (
				65E8D3331C7CC0400062BC32 /* Base */,
			);
			name = LaunchScreen.storyboard;
			sourceTree = "<group>";
		};
/* End PBXVariantGroup section */

/* Begin XCBuildConfiguration section */
		65E8D3361C7CC0400062BC32 /* Debug */ = {
			isa = XCBuildConfiguration;
			buildSettings = {
				ALWAYS_SEARCH_USER_PATHS = NO;
				CLANG_CXX_LANGUAGE_STANDARD = "gnu++0x";
				CLANG_CXX_LIBRARY = "libc++";
				CLANG_ENABLE_MODULES = YES;
				CLANG_ENABLE_OBJC_ARC = YES;
				CLANG_WARN_BOOL_CONVERSION = YES;
				CLANG_WARN_CONSTANT_CONVERSION = YES;
				CLANG_WARN_DIRECT_OBJC_ISA_USAGE = YES_ERROR;
				CLANG_WARN_EMPTY_BODY = YES;
				CLANG_WARN_ENUM_CONVERSION = YES;
				CLANG_WARN_INT_CONVERSION = YES;
				CLANG_WARN_OBJC_ROOT_CLASS = YES_ERROR;
				CLANG_WARN_UNREACHABLE_CODE = YES;
				CLANG_WARN__DUPLICATE_METHOD_MATCH = YES;
				"CODE_SIGN_IDENTITY[sdk=iphoneos*]" = "iPhone Developer";
				COPY_PHASE_STRIP = NO;
				DEBUG_INFORMATION_FORMAT = dwarf;
				ENABLE_STRICT_OBJC_MSGSEND = YES;
				ENABLE_TESTABILITY = YES;
				GCC_C_LANGUAGE_STANDARD = gnu99;
				GCC_DYNAMIC_NO_PIC = NO;
				GCC_NO_COMMON_BLOCKS = YES;
				GCC_OPTIMIZATION_LEVEL = 0;
				GCC_PREPROCESSOR_DEFINITIONS = (
					"DEBUG=1",
					"$(inherited)",
				);
				GCC_WARN_64_TO_32_BIT_CONVERSION = YES;
				GCC_WARN_ABOUT_RETURN_TYPE = YES_ERROR;
				GCC_WARN_UNDECLARED_SELECTOR = YES;
				GCC_WARN_UNINITIALIZED_AUTOS = YES_AGGRESSIVE;
				GCC_WARN_UNUSED_FUNCTION = YES;
				GCC_WARN_UNUSED_VARIABLE = YES;
				IPHONEOS_DEPLOYMENT_TARGET = 9.2;
				MTL_ENABLE_DEBUG_INFO = YES;
				ONLY_ACTIVE_ARCH = YES;
				SDKROOT = iphoneos;
				SWIFT_OPTIMIZATION_LEVEL = "-Onone";
				TARGETED_DEVICE_FAMILY = "1,2";
			};
			name = Debug;
		};
		65E8D3371C7CC0400062BC32 /* Release */ = {
			isa = XCBuildConfiguration;
			buildSettings = {
				ALWAYS_SEARCH_USER_PATHS = NO;
				CLANG_CXX_LANGUAGE_STANDARD = "gnu++0x";
				CLANG_CXX_LIBRARY = "libc++";
				CLANG_ENABLE_MODULES = YES;
				CLANG_ENABLE_OBJC_ARC = YES;
				CLANG_WARN_BOOL_CONVERSION = YES;
				CLANG_WARN_CONSTANT_CONVERSION = YES;
				CLANG_WARN_DIRECT_OBJC_ISA_USAGE = YES_ERROR;
				CLANG_WARN_EMPTY_BODY = YES;
				CLANG_WARN_ENUM_CONVERSION = YES;
				CLANG_WARN_INT_CONVERSION = YES;
				CLANG_WARN_OBJC_ROOT_CLASS = YES_ERROR;
				CLANG_WARN_UNREACHABLE_CODE = YES;
				CLANG_WARN__DUPLICATE_METHOD_MATCH = YES;
				"CODE_SIGN_IDENTITY[sdk=iphoneos*]" = "iPhone Developer";
				COPY_PHASE_STRIP = NO;
				DEBUG_INFORMATION_FORMAT = "dwarf-with-dsym";
				ENABLE_NS_ASSERTIONS = NO;
				ENABLE_STRICT_OBJC_MSGSEND = YES;
				GCC_C_LANGUAGE_STANDARD = gnu99;
				GCC_NO_COMMON_BLOCKS = YES;
				GCC_WARN_64_TO_32_BIT_CONVERSION = YES;
				GCC_WARN_ABOUT_RETURN_TYPE = YES_ERROR;
				GCC_WARN_UNDECLARED_SELECTOR = YES;
				GCC_WARN_UNINITIALIZED_AUTOS = YES_AGGRESSIVE;
				GCC_WARN_UNUSED_FUNCTION = YES;
				GCC_WARN_UNUSED_VARIABLE = YES;
				IPHONEOS_DEPLOYMENT_TARGET = 9.2;
				MTL_ENABLE_DEBUG_INFO = NO;
				SDKROOT = iphoneos;
				TARGETED_DEVICE_FAMILY = "1,2";
				VALIDATE_PRODUCT = YES;
			};
			name = Release;
		};
		65E8D3391C7CC0400062BC32 /* Debug */ = {
			isa = XCBuildConfiguration;
			buildSettings = {
				ASSETCATALOG_COMPILER_APPICON_NAME = AppIcon;
				INFOPLIST_FILE = MapsLocation/Info.plist;
				LD_RUNPATH_SEARCH_PATHS = "$(inherited) @executable_path/Frameworks";
				PRODUCT_BUNDLE_IDENTIFIER = com.gmail.danywarner.MapsLocation;
				PRODUCT_NAME = "$(TARGET_NAME)";
			};
			name = Debug;
		};
		65E8D33A1C7CC0400062BC32 /* Release */ = {
			isa = XCBuildConfiguration;
			buildSettings = {
				ASSETCATALOG_COMPILER_APPICON_NAME = AppIcon;
				INFOPLIST_FILE = MapsLocation/Info.plist;
				LD_RUNPATH_SEARCH_PATHS = "$(inherited) @executable_path/Frameworks";
				PRODUCT_BUNDLE_IDENTIFIER = com.gmail.danywarner.MapsLocation;
				PRODUCT_NAME = "$(TARGET_NAME)";
			};
			name = Release;
		};
/* End XCBuildConfiguration section */

/* Begin XCConfigurationList section */
		65E8D31F1C7CC0400062BC32 /* Build configuration list for PBXProject "MapsLocation" */ = {
			isa = XCConfigurationList;
			buildConfigurations = (
				65E8D3361C7CC0400062BC32 /* Debug */,
				65E8D3371C7CC0400062BC32 /* Release */,
			);
			defaultConfigurationIsVisible = 0;
			defaultConfigurationName = Release;
		};
		65E8D3381C7CC0400062BC32 /* Build configuration list for PBXNativeTarget "MapsLocation" */ = {
			isa = XCConfigurationList;
			buildConfigurations = (
				65E8D3391C7CC0400062BC32 /* Debug */,
				65E8D33A1C7CC0400062BC32 /* Release */,
			);
			defaultConfigurationIsVisible = 0;
			defaultConfigurationName = Release;
		};
/* End XCConfigurationList section */
	};
	rootObject = 65E8D31C1C7CC0400062BC32 /* Project object */;
}
